
Microsoft Visual Studio Solution File, Format Version 12.00
# Visual Studio Version 16
VisualStudioVersion = 16.0.30114.105
MinimumVisualStudioVersion = 10.0.40219.1
Project("{FAE04EC0-301F-11D3-BF4B-00C04F79EFBC}") = "Mosquitto.Mqtt.Client.AspNetCore", "Mosquitto.Mqtt.Cliente.AspNetCore\Mosquitto.Mqtt.Client.AspNetCore.csproj", "{B542EB3E-955A-4E00-B810-D31BB41D11DE}"
EndProject
Global
	GlobalSection(SolutionConfigurationPlatforms) = preSolution
		Debug|Any CPU = Debug|Any CPU
		Release|Any CPU = Release|Any CPU
	EndGlobalSection
	GlobalSection(ProjectConfigurationPlatforms) = postSolution
		{B542EB3E-955A-4E00-B810-D31BB41D11DE}.Debug|Any CPU.ActiveCfg = Debug|Any CPU
		{B542EB3E-955A-4E00-B810-D31BB41D11DE}.Debug|Any CPU.Build.0 = Debug|Any CPU
		{B542EB3E-955A-4E00-B810-D31BB41D11DE}.Release|Any CPU.ActiveCfg = Release|Any CPU
		{B542EB3E-955A-4E00-B810-D31BB41D11DE}.Release|Any CPU.Build.0 = Release|Any CPU
	EndGlobalSection
	GlobalSection(SolutionProperties) = preSolution
		HideSolutionNode = FALSE
	EndGlobalSection
	GlobalSection(ExtensibilityGlobals) = postSolution
		SolutionGuid = {E3216766-9A9F-4965-AC6F-49F9D1346FAB}
	EndGlobalSection
EndGlobal
